
Microsoft Visual Studio Solution File, Format Version 12.00
# Visual Studio 2012
VisualStudioVersion = 14.0.22609.0
MinimumVisualStudioVersion = 10.0.40219.1
Project("{2150E333-8FDC-42A3-9474-1A3956D46DE8}") = "Android", "Android", "{9E5007B0-858F-4ACD-B962-D01F1866A2F9}"
EndProject
Project("{FAE04EC0-301F-11D3-BF4B-00C04F79EFBC}") = "Spectator.Droid", "Spectator.Droid\Spectator.Droid.csproj", "{860FE010-5007-43BE-9CA6-37AFD0ECE939}"
EndProject
Project("{FAE04EC0-301F-11D3-BF4B-00C04F79EFBC}") = "Spectator.Droid.UITests", "Spectator.Droid.UITests\Spectator.Droid.UITests.csproj", "{71CDEE2C-84CF-47BE-97CB-993D27AF18F0}"
EndProject
Project("{2150E333-8FDC-42A3-9474-1A3956D46DE8}") = "Core", "Core", "{24BC81A5-6678-44A1-87C6-D00656B5B79C}"
EndProject
Project("{FAE04EC0-301F-11D3-BF4B-00C04F79EFBC}") = "Spectator.Core", "Spectator.Core\Spectator.Core.csproj", "{935FB79C-DB89-41B1-B1CF-4E45E716BA6E}"
EndProject
Project("{FAE04EC0-301F-11D3-BF4B-00C04F79EFBC}") = "Spectator.Core.Tests", "Spectator.Core.Tests\Spectator.Core.Tests.csproj", "{028C07D8-F633-42A6-A727-2E5A58C41CD5}"
EndProject
Project("{2150E333-8FDC-42A3-9474-1A3956D46DE8}") = ".nuget", ".nuget", "{3ACBF0CD-7AF2-4814-A511-793D478AD46E}"
EndProject
Project("{2150E333-8FDC-42A3-9474-1A3956D46DE8}") = "iOS", "iOS", "{86F4DF71-6075-41B2-B70A-4891298491E0}"
EndProject
Project("{FAE04EC0-301F-11D3-BF4B-00C04F79EFBC}") = "Spectator.Ios", "Spectator.Ios\Spectator.Ios.csproj", "{0F7A5F68-FCF0-4F7D-AFB3-2FD7FA23EE66}"
EndProject
Project("{FAE04EC0-301F-11D3-BF4B-00C04F79EFBC}") = "Spectator.Windows", "Spectator.Windows\Spectator.Windows.csproj", "{204D5EA8-5D0E-4D64-86FA-8C7FBFA00742}"
EndProject
Global
	GlobalSection(SolutionConfigurationPlatforms) = preSolution
		Ad-Hoc|Any CPU = Ad-Hoc|Any CPU
		Ad-Hoc|ARM = Ad-Hoc|ARM
		Ad-Hoc|iPhone = Ad-Hoc|iPhone
		Ad-Hoc|iPhoneSimulator = Ad-Hoc|iPhoneSimulator
		Ad-Hoc|x64 = Ad-Hoc|x64
		Ad-Hoc|x86 = Ad-Hoc|x86
		AppStore|Any CPU = AppStore|Any CPU
		AppStore|ARM = AppStore|ARM
		AppStore|iPhone = AppStore|iPhone
		AppStore|iPhoneSimulator = AppStore|iPhoneSimulator
		AppStore|x64 = AppStore|x64
		AppStore|x86 = AppStore|x86
		Debug|Any CPU = Debug|Any CPU
		Debug|ARM = Debug|ARM
		Debug|iPhone = Debug|iPhone
		Debug|iPhoneSimulator = Debug|iPhoneSimulator
		Debug|x64 = Debug|x64
		Debug|x86 = Debug|x86
		Release|Any CPU = Release|Any CPU
		Release|ARM = Release|ARM
		Release|iPhone = Release|iPhone
		Release|iPhoneSimulator = Release|iPhoneSimulator
		Release|x64 = Release|x64
		Release|x86 = Release|x86
	EndGlobalSection
	GlobalSection(ProjectConfigurationPlatforms) = postSolution
		{028C07D8-F633-42A6-A727-2E5A58C41CD5}.Ad-Hoc|Any CPU.ActiveCfg = Release|Any CPU
		{028C07D8-F633-42A6-A727-2E5A58C41CD5}.Ad-Hoc|Any CPU.Build.0 = Release|Any CPU
		{028C07D8-F633-42A6-A727-2E5A58C41CD5}.Ad-Hoc|ARM.ActiveCfg = Release|Any CPU
		{028C07D8-F633-42A6-A727-2E5A58C41CD5}.Ad-Hoc|ARM.Build.0 = Release|Any CPU
		{028C07D8-F633-42A6-A727-2E5A58C41CD5}.Ad-Hoc|iPhone.ActiveCfg = Debug|Any CPU
		{028C07D8-F633-42A6-A727-2E5A58C41CD5}.Ad-Hoc|iPhone.Build.0 = Debug|Any CPU
		{028C07D8-F633-42A6-A727-2E5A58C41CD5}.Ad-Hoc|iPhoneSimulator.ActiveCfg = Release|Any CPU
		{028C07D8-F633-42A6-A727-2E5A58C41CD5}.Ad-Hoc|iPhoneSimulator.Build.0 = Release|Any CPU
		{028C07D8-F633-42A6-A727-2E5A58C41CD5}.Ad-Hoc|x64.ActiveCfg = Debug|Any CPU
		{028C07D8-F633-42A6-A727-2E5A58C41CD5}.Ad-Hoc|x86.ActiveCfg = Release|Any CPU
		{028C07D8-F633-42A6-A727-2E5A58C41CD5}.Ad-Hoc|x86.Build.0 = Release|Any CPU
		{028C07D8-F633-42A6-A727-2E5A58C41CD5}.AppStore|Any CPU.ActiveCfg = Release|Any CPU
		{028C07D8-F633-42A6-A727-2E5A58C41CD5}.AppStore|Any CPU.Build.0 = Release|Any CPU
		{028C07D8-F633-42A6-A727-2E5A58C41CD5}.AppStore|ARM.ActiveCfg = Release|Any CPU
		{028C07D8-F633-42A6-A727-2E5A58C41CD5}.AppStore|ARM.Build.0 = Release|Any CPU
		{028C07D8-F633-42A6-A727-2E5A58C41CD5}.AppStore|iPhone.ActiveCfg = Debug|Any CPU
		{028C07D8-F633-42A6-A727-2E5A58C41CD5}.AppStore|iPhone.Build.0 = Debug|Any CPU
		{028C07D8-F633-42A6-A727-2E5A58C41CD5}.AppStore|iPhoneSimulator.ActiveCfg = Release|Any CPU
		{028C07D8-F633-42A6-A727-2E5A58C41CD5}.AppStore|iPhoneSimulator.Build.0 = Release|Any CPU
		{028C07D8-F633-42A6-A727-2E5A58C41CD5}.AppStore|x64.ActiveCfg = Debug|Any CPU
		{028C07D8-F633-42A6-A727-2E5A58C41CD5}.AppStore|x86.ActiveCfg = Release|Any CPU
		{028C07D8-F633-42A6-A727-2E5A58C41CD5}.AppStore|x86.Build.0 = Release|Any CPU
		{028C07D8-F633-42A6-A727-2E5A58C41CD5}.Debug|Any CPU.ActiveCfg = Debug|Any CPU
		{028C07D8-F633-42A6-A727-2E5A58C41CD5}.Debug|Any CPU.Build.0 = Debug|Any CPU
		{028C07D8-F633-42A6-A727-2E5A58C41CD5}.Debug|ARM.ActiveCfg = Debug|Any CPU
		{028C07D8-F633-42A6-A727-2E5A58C41CD5}.Debug|ARM.Build.0 = Debug|Any CPU
		{028C07D8-F633-42A6-A727-2E5A58C41CD5}.Debug|iPhone.ActiveCfg = Debug|Any CPU
		{028C07D8-F633-42A6-A727-2E5A58C41CD5}.Debug|iPhone.Build.0 = Debug|Any CPU
		{028C07D8-F633-42A6-A727-2E5A58C41CD5}.Debug|iPhoneSimulator.ActiveCfg = Debug|Any CPU
		{028C07D8-F633-42A6-A727-2E5A58C41CD5}.Debug|iPhoneSimulator.Build.0 = Debug|Any CPU
		{028C07D8-F633-42A6-A727-2E5A58C41CD5}.Debug|x64.ActiveCfg = Debug|Any CPU
		{028C07D8-F633-42A6-A727-2E5A58C41CD5}.Debug|x86.ActiveCfg = Debug|Any CPU
		{028C07D8-F633-42A6-A727-2E5A58C41CD5}.Debug|x86.Build.0 = Debug|Any CPU
		{028C07D8-F633-42A6-A727-2E5A58C41CD5}.Release|Any CPU.ActiveCfg = Release|Any CPU
		{028C07D8-F633-42A6-A727-2E5A58C41CD5}.Release|Any CPU.Build.0 = Release|Any CPU
		{028C07D8-F633-42A6-A727-2E5A58C41CD5}.Release|ARM.ActiveCfg = Release|Any CPU
		{028C07D8-F633-42A6-A727-2E5A58C41CD5}.Release|ARM.Build.0 = Release|Any CPU
		{028C07D8-F633-42A6-A727-2E5A58C41CD5}.Release|iPhone.ActiveCfg = Release|Any CPU
		{028C07D8-F633-42A6-A727-2E5A58C41CD5}.Release|iPhone.Build.0 = Release|Any CPU
		{028C07D8-F633-42A6-A727-2E5A58C41CD5}.Release|iPhoneSimulator.ActiveCfg = Release|Any CPU
		{028C07D8-F633-42A6-A727-2E5A58C41CD5}.Release|iPhoneSimulator.Build.0 = Release|Any CPU
		{028C07D8-F633-42A6-A727-2E5A58C41CD5}.Release|x64.ActiveCfg = Release|Any CPU
		{028C07D8-F633-42A6-A727-2E5A58C41CD5}.Release|x86.ActiveCfg = Release|Any CPU
		{028C07D8-F633-42A6-A727-2E5A58C41CD5}.Release|x86.Build.0 = Release|Any CPU
		{0F7A5F68-FCF0-4F7D-AFB3-2FD7FA23EE66}.Ad-Hoc|Any CPU.ActiveCfg = Ad-Hoc|iPhone
		{0F7A5F68-FCF0-4F7D-AFB3-2FD7FA23EE66}.Ad-Hoc|ARM.ActiveCfg = Ad-Hoc|iPhone
		{0F7A5F68-FCF0-4F7D-AFB3-2FD7FA23EE66}.Ad-Hoc|iPhone.ActiveCfg = Ad-Hoc|iPhone
		{0F7A5F68-FCF0-4F7D-AFB3-2FD7FA23EE66}.Ad-Hoc|iPhone.Build.0 = Ad-Hoc|iPhone
		{0F7A5F68-FCF0-4F7D-AFB3-2FD7FA23EE66}.Ad-Hoc|iPhoneSimulator.ActiveCfg = Ad-Hoc|iPhone
		{0F7A5F68-FCF0-4F7D-AFB3-2FD7FA23EE66}.Ad-Hoc|x64.ActiveCfg = Ad-Hoc|iPhone
		{0F7A5F68-FCF0-4F7D-AFB3-2FD7FA23EE66}.Ad-Hoc|x86.ActiveCfg = Ad-Hoc|iPhone
		{0F7A5F68-FCF0-4F7D-AFB3-2FD7FA23EE66}.AppStore|Any CPU.ActiveCfg = AppStore|iPhone
		{0F7A5F68-FCF0-4F7D-AFB3-2FD7FA23EE66}.AppStore|ARM.ActiveCfg = AppStore|iPhone
		{0F7A5F68-FCF0-4F7D-AFB3-2FD7FA23EE66}.AppStore|iPhone.ActiveCfg = AppStore|iPhone
		{0F7A5F68-FCF0-4F7D-AFB3-2FD7FA23EE66}.AppStore|iPhone.Build.0 = AppStore|iPhone
		{0F7A5F68-FCF0-4F7D-AFB3-2FD7FA23EE66}.AppStore|iPhoneSimulator.ActiveCfg = AppStore|iPhone
		{0F7A5F68-FCF0-4F7D-AFB3-2FD7FA23EE66}.AppStore|x64.ActiveCfg = AppStore|iPhone
		{0F7A5F68-FCF0-4F7D-AFB3-2FD7FA23EE66}.AppStore|x86.ActiveCfg = AppStore|iPhone
		{0F7A5F68-FCF0-4F7D-AFB3-2FD7FA23EE66}.Debug|Any CPU.ActiveCfg = Debug|iPhoneSimulator
		{0F7A5F68-FCF0-4F7D-AFB3-2FD7FA23EE66}.Debug|Any CPU.Build.0 = Debug|iPhoneSimulator
		{0F7A5F68-FCF0-4F7D-AFB3-2FD7FA23EE66}.Debug|ARM.ActiveCfg = Debug|iPhoneSimulator
		{0F7A5F68-FCF0-4F7D-AFB3-2FD7FA23EE66}.Debug|ARM.Build.0 = Debug|iPhoneSimulator
		{0F7A5F68-FCF0-4F7D-AFB3-2FD7FA23EE66}.Debug|iPhone.ActiveCfg = Debug|iPhone
		{0F7A5F68-FCF0-4F7D-AFB3-2FD7FA23EE66}.Debug|iPhone.Build.0 = Debug|iPhone
		{0F7A5F68-FCF0-4F7D-AFB3-2FD7FA23EE66}.Debug|iPhoneSimulator.ActiveCfg = Debug|iPhoneSimulator
		{0F7A5F68-FCF0-4F7D-AFB3-2FD7FA23EE66}.Debug|iPhoneSimulator.Build.0 = Debug|iPhoneSimulator
		{0F7A5F68-FCF0-4F7D-AFB3-2FD7FA23EE66}.Debug|x64.ActiveCfg = Debug|iPhone
		{0F7A5F68-FCF0-4F7D-AFB3-2FD7FA23EE66}.Debug|x86.ActiveCfg = Debug|iPhoneSimulator
		{0F7A5F68-FCF0-4F7D-AFB3-2FD7FA23EE66}.Debug|x86.Build.0 = Debug|iPhoneSimulator
		{0F7A5F68-FCF0-4F7D-AFB3-2FD7FA23EE66}.Release|Any CPU.ActiveCfg = Release|iPhoneSimulator
		{0F7A5F68-FCF0-4F7D-AFB3-2FD7FA23EE66}.Release|Any CPU.Build.0 = Release|iPhoneSimulator
		{0F7A5F68-FCF0-4F7D-AFB3-2FD7FA23EE66}.Release|ARM.ActiveCfg = Release|iPhoneSimulator
		{0F7A5F68-FCF0-4F7D-AFB3-2FD7FA23EE66}.Release|ARM.Build.0 = Release|iPhoneSimulator
		{0F7A5F68-FCF0-4F7D-AFB3-2FD7FA23EE66}.Release|iPhone.ActiveCfg = Release|iPhone
		{0F7A5F68-FCF0-4F7D-AFB3-2FD7FA23EE66}.Release|iPhone.Build.0 = Release|iPhone
		{0F7A5F68-FCF0-4F7D-AFB3-2FD7FA23EE66}.Release|iPhoneSimulator.ActiveCfg = Release|iPhoneSimulator
		{0F7A5F68-FCF0-4F7D-AFB3-2FD7FA23EE66}.Release|iPhoneSimulator.Build.0 = Release|iPhoneSimulator
		{0F7A5F68-FCF0-4F7D-AFB3-2FD7FA23EE66}.Release|x64.ActiveCfg = Release|iPhone
		{0F7A5F68-FCF0-4F7D-AFB3-2FD7FA23EE66}.Release|x86.ActiveCfg = Release|iPhoneSimulator
		{0F7A5F68-FCF0-4F7D-AFB3-2FD7FA23EE66}.Release|x86.Build.0 = Release|iPhoneSimulator
		{204D5EA8-5D0E-4D64-86FA-8C7FBFA00742}.Ad-Hoc|Any CPU.ActiveCfg = Release|Any CPU
		{204D5EA8-5D0E-4D64-86FA-8C7FBFA00742}.Ad-Hoc|Any CPU.Build.0 = Release|Any CPU
		{204D5EA8-5D0E-4D64-86FA-8C7FBFA00742}.Ad-Hoc|Any CPU.Deploy.0 = Release|Any CPU
		{204D5EA8-5D0E-4D64-86FA-8C7FBFA00742}.Ad-Hoc|ARM.ActiveCfg = Release|ARM
		{204D5EA8-5D0E-4D64-86FA-8C7FBFA00742}.Ad-Hoc|ARM.Build.0 = Release|ARM
		{204D5EA8-5D0E-4D64-86FA-8C7FBFA00742}.Ad-Hoc|ARM.Deploy.0 = Release|ARM
		{204D5EA8-5D0E-4D64-86FA-8C7FBFA00742}.Ad-Hoc|iPhone.ActiveCfg = Release|Any CPU
		{204D5EA8-5D0E-4D64-86FA-8C7FBFA00742}.Ad-Hoc|iPhone.Build.0 = Release|Any CPU
		{204D5EA8-5D0E-4D64-86FA-8C7FBFA00742}.Ad-Hoc|iPhone.Deploy.0 = Release|Any CPU
		{204D5EA8-5D0E-4D64-86FA-8C7FBFA00742}.Ad-Hoc|iPhoneSimulator.ActiveCfg = Release|Any CPU
		{204D5EA8-5D0E-4D64-86FA-8C7FBFA00742}.Ad-Hoc|iPhoneSimulator.Build.0 = Release|Any CPU
		{204D5EA8-5D0E-4D64-86FA-8C7FBFA00742}.Ad-Hoc|iPhoneSimulator.Deploy.0 = Release|Any CPU
		{204D5EA8-5D0E-4D64-86FA-8C7FBFA00742}.Ad-Hoc|x64.ActiveCfg = Release|x64
		{204D5EA8-5D0E-4D64-86FA-8C7FBFA00742}.Ad-Hoc|x64.Build.0 = Release|x64
		{204D5EA8-5D0E-4D64-86FA-8C7FBFA00742}.Ad-Hoc|x64.Deploy.0 = Release|x64
		{204D5EA8-5D0E-4D64-86FA-8C7FBFA00742}.Ad-Hoc|x86.ActiveCfg = Release|x86
		{204D5EA8-5D0E-4D64-86FA-8C7FBFA00742}.Ad-Hoc|x86.Build.0 = Release|x86
		{204D5EA8-5D0E-4D64-86FA-8C7FBFA00742}.Ad-Hoc|x86.Deploy.0 = Release|x86
		{204D5EA8-5D0E-4D64-86FA-8C7FBFA00742}.AppStore|Any CPU.ActiveCfg = Release|Any CPU
		{204D5EA8-5D0E-4D64-86FA-8C7FBFA00742}.AppStore|Any CPU.Build.0 = Release|Any CPU
		{204D5EA8-5D0E-4D64-86FA-8C7FBFA00742}.AppStore|Any CPU.Deploy.0 = Release|Any CPU
		{204D5EA8-5D0E-4D64-86FA-8C7FBFA00742}.AppStore|ARM.ActiveCfg = Release|ARM
		{204D5EA8-5D0E-4D64-86FA-8C7FBFA00742}.AppStore|ARM.Build.0 = Release|ARM
		{204D5EA8-5D0E-4D64-86FA-8C7FBFA00742}.AppStore|ARM.Deploy.0 = Release|ARM
		{204D5EA8-5D0E-4D64-86FA-8C7FBFA00742}.AppStore|iPhone.ActiveCfg = Release|Any CPU
		{204D5EA8-5D0E-4D64-86FA-8C7FBFA00742}.AppStore|iPhone.Build.0 = Release|Any CPU
		{204D5EA8-5D0E-4D64-86FA-8C7FBFA00742}.AppStore|iPhone.Deploy.0 = Release|Any CPU
		{204D5EA8-5D0E-4D64-86FA-8C7FBFA00742}.AppStore|iPhoneSimulator.ActiveCfg = Release|Any CPU
		{204D5EA8-5D0E-4D64-86FA-8C7FBFA00742}.AppStore|iPhoneSimulator.Build.0 = Release|Any CPU
		{204D5EA8-5D0E-4D64-86FA-8C7FBFA00742}.AppStore|iPhoneSimulator.Deploy.0 = Release|Any CPU
		{204D5EA8-5D0E-4D64-86FA-8C7FBFA00742}.AppStore|x64.ActiveCfg = Release|x64
		{204D5EA8-5D0E-4D64-86FA-8C7FBFA00742}.AppStore|x64.Build.0 = Release|x64
		{204D5EA8-5D0E-4D64-86FA-8C7FBFA00742}.AppStore|x64.Deploy.0 = Release|x64
		{204D5EA8-5D0E-4D64-86FA-8C7FBFA00742}.AppStore|x86.ActiveCfg = Release|x86
		{204D5EA8-5D0E-4D64-86FA-8C7FBFA00742}.AppStore|x86.Build.0 = Release|x86
		{204D5EA8-5D0E-4D64-86FA-8C7FBFA00742}.AppStore|x86.Deploy.0 = Release|x86
		{204D5EA8-5D0E-4D64-86FA-8C7FBFA00742}.Debug|Any CPU.ActiveCfg = Debug|Any CPU
		{204D5EA8-5D0E-4D64-86FA-8C7FBFA00742}.Debug|Any CPU.Build.0 = Debug|Any CPU
		{204D5EA8-5D0E-4D64-86FA-8C7FBFA00742}.Debug|Any CPU.Deploy.0 = Debug|Any CPU
		{204D5EA8-5D0E-4D64-86FA-8C7FBFA00742}.Debug|ARM.ActiveCfg = Debug|ARM
		{204D5EA8-5D0E-4D64-86FA-8C7FBFA00742}.Debug|ARM.Build.0 = Debug|ARM
		{204D5EA8-5D0E-4D64-86FA-8C7FBFA00742}.Debug|ARM.Deploy.0 = Debug|ARM
		{204D5EA8-5D0E-4D64-86FA-8C7FBFA00742}.Debug|iPhone.ActiveCfg = Debug|Any CPU
		{204D5EA8-5D0E-4D64-86FA-8C7FBFA00742}.Debug|iPhone.Build.0 = Debug|Any CPU
		{204D5EA8-5D0E-4D64-86FA-8C7FBFA00742}.Debug|iPhone.Deploy.0 = Debug|Any CPU
		{204D5EA8-5D0E-4D64-86FA-8C7FBFA00742}.Debug|iPhoneSimulator.ActiveCfg = Debug|Any CPU
		{204D5EA8-5D0E-4D64-86FA-8C7FBFA00742}.Debug|iPhoneSimulator.Build.0 = Debug|Any CPU
		{204D5EA8-5D0E-4D64-86FA-8C7FBFA00742}.Debug|iPhoneSimulator.Deploy.0 = Debug|Any CPU
		{204D5EA8-5D0E-4D64-86FA-8C7FBFA00742}.Debug|x64.ActiveCfg = Debug|x64
		{204D5EA8-5D0E-4D64-86FA-8C7FBFA00742}.Debug|x64.Build.0 = Debug|x64
		{204D5EA8-5D0E-4D64-86FA-8C7FBFA00742}.Debug|x64.Deploy.0 = Debug|x64
		{204D5EA8-5D0E-4D64-86FA-8C7FBFA00742}.Debug|x86.ActiveCfg = Debug|x86
		{204D5EA8-5D0E-4D64-86FA-8C7FBFA00742}.Debug|x86.Build.0 = Debug|x86
		{204D5EA8-5D0E-4D64-86FA-8C7FBFA00742}.Debug|x86.Deploy.0 = Debug|x86
		{204D5EA8-5D0E-4D64-86FA-8C7FBFA00742}.Release|Any CPU.ActiveCfg = Release|Any CPU
		{204D5EA8-5D0E-4D64-86FA-8C7FBFA00742}.Release|Any CPU.Build.0 = Release|Any CPU
		{204D5EA8-5D0E-4D64-86FA-8C7FBFA00742}.Release|Any CPU.Deploy.0 = Release|Any CPU
		{204D5EA8-5D0E-4D64-86FA-8C7FBFA00742}.Release|ARM.ActiveCfg = Release|ARM
		{204D5EA8-5D0E-4D64-86FA-8C7FBFA00742}.Release|ARM.Build.0 = Release|ARM
		{204D5EA8-5D0E-4D64-86FA-8C7FBFA00742}.Release|ARM.Deploy.0 = Release|ARM
		{204D5EA8-5D0E-4D64-86FA-8C7FBFA00742}.Release|iPhone.ActiveCfg = Release|Any CPU
		{204D5EA8-5D0E-4D64-86FA-8C7FBFA00742}.Release|iPhone.Build.0 = Release|Any CPU
		{204D5EA8-5D0E-4D64-86FA-8C7FBFA00742}.Release|iPhone.Deploy.0 = Release|Any CPU
		{204D5EA8-5D0E-4D64-86FA-8C7FBFA00742}.Release|iPhoneSimulator.ActiveCfg = Release|Any CPU
		{204D5EA8-5D0E-4D64-86FA-8C7FBFA00742}.Release|iPhoneSimulator.Build.0 = Release|Any CPU
		{204D5EA8-5D0E-4D64-86FA-8C7FBFA00742}.Release|iPhoneSimulator.Deploy.0 = Release|Any CPU
		{204D5EA8-5D0E-4D64-86FA-8C7FBFA00742}.Release|x64.ActiveCfg = Release|x64
		{204D5EA8-5D0E-4D64-86FA-8C7FBFA00742}.Release|x64.Build.0 = Release|x64
		{204D5EA8-5D0E-4D64-86FA-8C7FBFA00742}.Release|x64.Deploy.0 = Release|x64
		{204D5EA8-5D0E-4D64-86FA-8C7FBFA00742}.Release|x86.ActiveCfg = Release|x86
		{204D5EA8-5D0E-4D64-86FA-8C7FBFA00742}.Release|x86.Build.0 = Release|x86
		{204D5EA8-5D0E-4D64-86FA-8C7FBFA00742}.Release|x86.Deploy.0 = Release|x86
		{71CDEE2C-84CF-47BE-97CB-993D27AF18F0}.Ad-Hoc|Any CPU.ActiveCfg = Release|Any CPU
		{71CDEE2C-84CF-47BE-97CB-993D27AF18F0}.Ad-Hoc|Any CPU.Build.0 = Release|Any CPU
		{71CDEE2C-84CF-47BE-97CB-993D27AF18F0}.Ad-Hoc|ARM.ActiveCfg = Release|Any CPU
		{71CDEE2C-84CF-47BE-97CB-993D27AF18F0}.Ad-Hoc|ARM.Build.0 = Release|Any CPU
		{71CDEE2C-84CF-47BE-97CB-993D27AF18F0}.Ad-Hoc|iPhone.ActiveCfg = Debug|Any CPU
		{71CDEE2C-84CF-47BE-97CB-993D27AF18F0}.Ad-Hoc|iPhone.Build.0 = Debug|Any CPU
		{71CDEE2C-84CF-47BE-97CB-993D27AF18F0}.Ad-Hoc|iPhoneSimulator.ActiveCfg = Release|Any CPU
		{71CDEE2C-84CF-47BE-97CB-993D27AF18F0}.Ad-Hoc|iPhoneSimulator.Build.0 = Release|Any CPU
		{71CDEE2C-84CF-47BE-97CB-993D27AF18F0}.Ad-Hoc|x64.ActiveCfg = Debug|Any CPU
		{71CDEE2C-84CF-47BE-97CB-993D27AF18F0}.Ad-Hoc|x64.Build.0 = Debug|Any CPU
		{71CDEE2C-84CF-47BE-97CB-993D27AF18F0}.Ad-Hoc|x86.ActiveCfg = Release|Any CPU
		{71CDEE2C-84CF-47BE-97CB-993D27AF18F0}.Ad-Hoc|x86.Build.0 = Release|Any CPU
		{71CDEE2C-84CF-47BE-97CB-993D27AF18F0}.AppStore|Any CPU.ActiveCfg = Release|Any CPU
		{71CDEE2C-84CF-47BE-97CB-993D27AF18F0}.AppStore|Any CPU.Build.0 = Release|Any CPU
		{71CDEE2C-84CF-47BE-97CB-993D27AF18F0}.AppStore|ARM.ActiveCfg = Release|Any CPU
		{71CDEE2C-84CF-47BE-97CB-993D27AF18F0}.AppStore|ARM.Build.0 = Release|Any CPU
		{71CDEE2C-84CF-47BE-97CB-993D27AF18F0}.AppStore|iPhone.ActiveCfg = Debug|Any CPU
		{71CDEE2C-84CF-47BE-97CB-993D27AF18F0}.AppStore|iPhone.Build.0 = Debug|Any CPU
		{71CDEE2C-84CF-47BE-97CB-993D27AF18F0}.AppStore|iPhoneSimulator.ActiveCfg = Release|Any CPU
		{71CDEE2C-84CF-47BE-97CB-993D27AF18F0}.AppStore|iPhoneSimulator.Build.0 = Release|Any CPU
		{71CDEE2C-84CF-47BE-97CB-993D27AF18F0}.AppStore|x64.ActiveCfg = Debug|Any CPU
		{71CDEE2C-84CF-47BE-97CB-993D27AF18F0}.AppStore|x64.Build.0 = Debug|Any CPU
		{71CDEE2C-84CF-47BE-97CB-993D27AF18F0}.AppStore|x86.ActiveCfg = Release|Any CPU
		{71CDEE2C-84CF-47BE-97CB-993D27AF18F0}.AppStore|x86.Build.0 = Release|Any CPU
		{71CDEE2C-84CF-47BE-97CB-993D27AF18F0}.Debug|Any CPU.ActiveCfg = Debug|Any CPU
		{71CDEE2C-84CF-47BE-97CB-993D27AF18F0}.Debug|Any CPU.Build.0 = Debug|Any CPU
		{71CDEE2C-84CF-47BE-97CB-993D27AF18F0}.Debug|ARM.ActiveCfg = Debug|Any CPU
		{71CDEE2C-84CF-47BE-97CB-993D27AF18F0}.Debug|ARM.Build.0 = Debug|Any CPU
		{71CDEE2C-84CF-47BE-97CB-993D27AF18F0}.Debug|iPhone.ActiveCfg = Debug|Any CPU
		{71CDEE2C-84CF-47BE-97CB-993D27AF18F0}.Debug|iPhone.Build.0 = Debug|Any CPU
		{71CDEE2C-84CF-47BE-97CB-993D27AF18F0}.Debug|iPhoneSimulator.ActiveCfg = Debug|Any CPU
		{71CDEE2C-84CF-47BE-97CB-993D27AF18F0}.Debug|iPhoneSimulator.Build.0 = Debug|Any CPU
		{71CDEE2C-84CF-47BE-97CB-993D27AF18F0}.Debug|x64.ActiveCfg = Debug|Any CPU
		{71CDEE2C-84CF-47BE-97CB-993D27AF18F0}.Debug|x64.Build.0 = Debug|Any CPU
		{71CDEE2C-84CF-47BE-97CB-993D27AF18F0}.Debug|x86.ActiveCfg = Debug|Any CPU
		{71CDEE2C-84CF-47BE-97CB-993D27AF18F0}.Debug|x86.Build.0 = Debug|Any CPU
		{71CDEE2C-84CF-47BE-97CB-993D27AF18F0}.Release|Any CPU.ActiveCfg = Release|Any CPU
		{71CDEE2C-84CF-47BE-97CB-993D27AF18F0}.Release|Any CPU.Build.0 = Release|Any CPU
		{71CDEE2C-84CF-47BE-97CB-993D27AF18F0}.Release|ARM.ActiveCfg = Release|Any CPU
		{71CDEE2C-84CF-47BE-97CB-993D27AF18F0}.Release|ARM.Build.0 = Release|Any CPU
		{71CDEE2C-84CF-47BE-97CB-993D27AF18F0}.Release|iPhone.ActiveCfg = Release|Any CPU
		{71CDEE2C-84CF-47BE-97CB-993D27AF18F0}.Release|iPhone.Build.0 = Release|Any CPU
		{71CDEE2C-84CF-47BE-97CB-993D27AF18F0}.Release|iPhoneSimulator.ActiveCfg = Release|Any CPU
		{71CDEE2C-84CF-47BE-97CB-993D27AF18F0}.Release|iPhoneSimulator.Build.0 = Release|Any CPU
		{71CDEE2C-84CF-47BE-97CB-993D27AF18F0}.Release|x64.ActiveCfg = Release|Any CPU
		{71CDEE2C-84CF-47BE-97CB-993D27AF18F0}.Release|x64.Build.0 = Release|Any CPU
		{71CDEE2C-84CF-47BE-97CB-993D27AF18F0}.Release|x86.ActiveCfg = Release|Any CPU
		{71CDEE2C-84CF-47BE-97CB-993D27AF18F0}.Release|x86.Build.0 = Release|Any CPU
		{860FE010-5007-43BE-9CA6-37AFD0ECE939}.Ad-Hoc|Any CPU.ActiveCfg = Release|Any CPU
		{860FE010-5007-43BE-9CA6-37AFD0ECE939}.Ad-Hoc|Any CPU.Build.0 = Release|Any CPU
		{860FE010-5007-43BE-9CA6-37AFD0ECE939}.Ad-Hoc|ARM.ActiveCfg = Release|Any CPU
		{860FE010-5007-43BE-9CA6-37AFD0ECE939}.Ad-Hoc|ARM.Build.0 = Release|Any CPU
		{860FE010-5007-43BE-9CA6-37AFD0ECE939}.Ad-Hoc|iPhone.ActiveCfg = Debug|Any CPU
		{860FE010-5007-43BE-9CA6-37AFD0ECE939}.Ad-Hoc|iPhone.Build.0 = Debug|Any CPU
		{860FE010-5007-43BE-9CA6-37AFD0ECE939}.Ad-Hoc|iPhoneSimulator.ActiveCfg = Release|Any CPU
		{860FE010-5007-43BE-9CA6-37AFD0ECE939}.Ad-Hoc|iPhoneSimulator.Build.0 = Release|Any CPU
		{860FE010-5007-43BE-9CA6-37AFD0ECE939}.Ad-Hoc|x64.ActiveCfg = Debug|Any CPU
		{860FE010-5007-43BE-9CA6-37AFD0ECE939}.Ad-Hoc|x64.Build.0 = Debug|Any CPU
		{860FE010-5007-43BE-9CA6-37AFD0ECE939}.Ad-Hoc|x86.ActiveCfg = Release|Any CPU
		{860FE010-5007-43BE-9CA6-37AFD0ECE939}.Ad-Hoc|x86.Build.0 = Release|Any CPU
		{860FE010-5007-43BE-9CA6-37AFD0ECE939}.AppStore|Any CPU.ActiveCfg = Release|Any CPU
		{860FE010-5007-43BE-9CA6-37AFD0ECE939}.AppStore|Any CPU.Build.0 = Release|Any CPU
		{860FE010-5007-43BE-9CA6-37AFD0ECE939}.AppStore|ARM.ActiveCfg = Release|Any CPU
		{860FE010-5007-43BE-9CA6-37AFD0ECE939}.AppStore|ARM.Build.0 = Release|Any CPU
		{860FE010-5007-43BE-9CA6-37AFD0ECE939}.AppStore|iPhone.ActiveCfg = Debug|Any CPU
		{860FE010-5007-43BE-9CA6-37AFD0ECE939}.AppStore|iPhone.Build.0 = Debug|Any CPU
		{860FE010-5007-43BE-9CA6-37AFD0ECE939}.AppStore|iPhoneSimulator.ActiveCfg = Release|Any CPU
		{860FE010-5007-43BE-9CA6-37AFD0ECE939}.AppStore|iPhoneSimulator.Build.0 = Release|Any CPU
		{860FE010-5007-43BE-9CA6-37AFD0ECE939}.AppStore|x64.ActiveCfg = Debug|Any CPU
		{860FE010-5007-43BE-9CA6-37AFD0ECE939}.AppStore|x64.Build.0 = Debug|Any CPU
		{860FE010-5007-43BE-9CA6-37AFD0ECE939}.AppStore|x86.ActiveCfg = Release|Any CPU
		{860FE010-5007-43BE-9CA6-37AFD0ECE939}.AppStore|x86.Build.0 = Release|Any CPU
		{860FE010-5007-43BE-9CA6-37AFD0ECE939}.Debug|Any CPU.ActiveCfg = Debug|Any CPU
		{860FE010-5007-43BE-9CA6-37AFD0ECE939}.Debug|Any CPU.Build.0 = Debug|Any CPU
		{860FE010-5007-43BE-9CA6-37AFD0ECE939}.Debug|ARM.ActiveCfg = Debug|Any CPU
		{860FE010-5007-43BE-9CA6-37AFD0ECE939}.Debug|ARM.Build.0 = Debug|Any CPU
		{860FE010-5007-43BE-9CA6-37AFD0ECE939}.Debug|iPhone.ActiveCfg = Debug|Any CPU
		{860FE010-5007-43BE-9CA6-37AFD0ECE939}.Debug|iPhone.Build.0 = Debug|Any CPU
		{860FE010-5007-43BE-9CA6-37AFD0ECE939}.Debug|iPhoneSimulator.ActiveCfg = Debug|Any CPU
		{860FE010-5007-43BE-9CA6-37AFD0ECE939}.Debug|iPhoneSimulator.Build.0 = Debug|Any CPU
		{860FE010-5007-43BE-9CA6-37AFD0ECE939}.Debug|x64.ActiveCfg = Debug|Any CPU
		{860FE010-5007-43BE-9CA6-37AFD0ECE939}.Debug|x64.Build.0 = Debug|Any CPU
		{860FE010-5007-43BE-9CA6-37AFD0ECE939}.Debug|x86.ActiveCfg = Debug|Any CPU
		{860FE010-5007-43BE-9CA6-37AFD0ECE939}.Debug|x86.Build.0 = Debug|Any CPU
		{860FE010-5007-43BE-9CA6-37AFD0ECE939}.Release|Any CPU.ActiveCfg = Release|Any CPU
		{860FE010-5007-43BE-9CA6-37AFD0ECE939}.Release|Any CPU.Build.0 = Release|Any CPU
		{860FE010-5007-43BE-9CA6-37AFD0ECE939}.Release|ARM.ActiveCfg = Release|Any CPU
		{860FE010-5007-43BE-9CA6-37AFD0ECE939}.Release|ARM.Build.0 = Release|Any CPU
		{860FE010-5007-43BE-9CA6-37AFD0ECE939}.Release|iPhone.ActiveCfg = Release|Any CPU
		{860FE010-5007-43BE-9CA6-37AFD0ECE939}.Release|iPhone.Build.0 = Release|Any CPU
		{860FE010-5007-43BE-9CA6-37AFD0ECE939}.Release|iPhoneSimulator.ActiveCfg = Release|Any CPU
		{860FE010-5007-43BE-9CA6-37AFD0ECE939}.Release|iPhoneSimulator.Build.0 = Release|Any CPU
		{860FE010-5007-43BE-9CA6-37AFD0ECE939}.Release|x64.ActiveCfg = Release|Any CPU
		{860FE010-5007-43BE-9CA6-37AFD0ECE939}.Release|x64.Build.0 = Release|Any CPU
		{860FE010-5007-43BE-9CA6-37AFD0ECE939}.Release|x86.ActiveCfg = Release|Any CPU
		{860FE010-5007-43BE-9CA6-37AFD0ECE939}.Release|x86.Build.0 = Release|Any CPU
		{935FB79C-DB89-41B1-B1CF-4E45E716BA6E}.Ad-Hoc|Any CPU.ActiveCfg = Release|Any CPU
		{935FB79C-DB89-41B1-B1CF-4E45E716BA6E}.Ad-Hoc|Any CPU.Build.0 = Release|Any CPU
		{935FB79C-DB89-41B1-B1CF-4E45E716BA6E}.Ad-Hoc|ARM.ActiveCfg = Release|Any CPU
		{935FB79C-DB89-41B1-B1CF-4E45E716BA6E}.Ad-Hoc|ARM.Build.0 = Release|Any CPU
		{935FB79C-DB89-41B1-B1CF-4E45E716BA6E}.Ad-Hoc|iPhone.ActiveCfg = Debug|Any CPU
		{935FB79C-DB89-41B1-B1CF-4E45E716BA6E}.Ad-Hoc|iPhone.Build.0 = Debug|Any CPU
		{935FB79C-DB89-41B1-B1CF-4E45E716BA6E}.Ad-Hoc|iPhoneSimulator.ActiveCfg = Release|Any CPU
		{935FB79C-DB89-41B1-B1CF-4E45E716BA6E}.Ad-Hoc|iPhoneSimulator.Build.0 = Release|Any CPU
		{935FB79C-DB89-41B1-B1CF-4E45E716BA6E}.Ad-Hoc|x64.ActiveCfg = Debug|Any CPU
		{935FB79C-DB89-41B1-B1CF-4E45E716BA6E}.Ad-Hoc|x64.Build.0 = Debug|Any CPU
		{935FB79C-DB89-41B1-B1CF-4E45E716BA6E}.Ad-Hoc|x86.ActiveCfg = Release|Any CPU
		{935FB79C-DB89-41B1-B1CF-4E45E716BA6E}.Ad-Hoc|x86.Build.0 = Release|Any CPU
		{935FB79C-DB89-41B1-B1CF-4E45E716BA6E}.AppStore|Any CPU.ActiveCfg = Release|Any CPU
		{935FB79C-DB89-41B1-B1CF-4E45E716BA6E}.AppStore|Any CPU.Build.0 = Release|Any CPU
		{935FB79C-DB89-41B1-B1CF-4E45E716BA6E}.AppStore|ARM.ActiveCfg = Release|Any CPU
		{935FB79C-DB89-41B1-B1CF-4E45E716BA6E}.AppStore|ARM.Build.0 = Release|Any CPU
		{935FB79C-DB89-41B1-B1CF-4E45E716BA6E}.AppStore|iPhone.ActiveCfg = Debug|Any CPU
		{935FB79C-DB89-41B1-B1CF-4E45E716BA6E}.AppStore|iPhone.Build.0 = Debug|Any CPU
		{935FB79C-DB89-41B1-B1CF-4E45E716BA6E}.AppStore|iPhoneSimulator.ActiveCfg = Release|Any CPU
		{935FB79C-DB89-41B1-B1CF-4E45E716BA6E}.AppStore|iPhoneSimulator.Build.0 = Release|Any CPU
		{935FB79C-DB89-41B1-B1CF-4E45E716BA6E}.AppStore|x64.ActiveCfg = Debug|Any CPU
		{935FB79C-DB89-41B1-B1CF-4E45E716BA6E}.AppStore|x64.Build.0 = Debug|Any CPU
		{935FB79C-DB89-41B1-B1CF-4E45E716BA6E}.AppStore|x86.ActiveCfg = Release|Any CPU
		{935FB79C-DB89-41B1-B1CF-4E45E716BA6E}.AppStore|x86.Build.0 = Release|Any CPU
		{935FB79C-DB89-41B1-B1CF-4E45E716BA6E}.Debug|Any CPU.ActiveCfg = Debug|Any CPU
		{935FB79C-DB89-41B1-B1CF-4E45E716BA6E}.Debug|Any CPU.Build.0 = Debug|Any CPU
		{935FB79C-DB89-41B1-B1CF-4E45E716BA6E}.Debug|ARM.ActiveCfg = Debug|Any CPU
		{935FB79C-DB89-41B1-B1CF-4E45E716BA6E}.Debug|iPhone.ActiveCfg = Debug|Any CPU
		{935FB79C-DB89-41B1-B1CF-4E45E716BA6E}.Debug|iPhone.Build.0 = Debug|Any CPU
		{935FB79C-DB89-41B1-B1CF-4E45E716BA6E}.Debug|iPhoneSimulator.ActiveCfg = Debug|Any CPU
		{935FB79C-DB89-41B1-B1CF-4E45E716BA6E}.Debug|iPhoneSimulator.Build.0 = Debug|Any CPU
		{935FB79C-DB89-41B1-B1CF-4E45E716BA6E}.Debug|x64.ActiveCfg = Debug|Any CPU
		{935FB79C-DB89-41B1-B1CF-4E45E716BA6E}.Debug|x64.Build.0 = Debug|Any CPU
		{935FB79C-DB89-41B1-B1CF-4E45E716BA6E}.Debug|x86.ActiveCfg = Debug|Any CPU
		{935FB79C-DB89-41B1-B1CF-4E45E716BA6E}.Debug|x86.Build.0 = Debug|Any CPU
		{935FB79C-DB89-41B1-B1CF-4E45E716BA6E}.Release|Any CPU.ActiveCfg = Release|Any CPU
		{935FB79C-DB89-41B1-B1CF-4E45E716BA6E}.Release|Any CPU.Build.0 = Release|Any CPU
		{935FB79C-DB89-41B1-B1CF-4E45E716BA6E}.Release|ARM.ActiveCfg = Release|Any CPU
		{935FB79C-DB89-41B1-B1CF-4E45E716BA6E}.Release|iPhone.ActiveCfg = Release|Any CPU
		{935FB79C-DB89-41B1-B1CF-4E45E716BA6E}.Release|iPhone.Build.0 = Release|Any CPU
		{935FB79C-DB89-41B1-B1CF-4E45E716BA6E}.Release|iPhoneSimulator.ActiveCfg = Release|Any CPU
		{935FB79C-DB89-41B1-B1CF-4E45E716BA6E}.Release|iPhoneSimulator.Build.0 = Release|Any CPU
		{935FB79C-DB89-41B1-B1CF-4E45E716BA6E}.Release|x64.ActiveCfg = Release|Any CPU
		{935FB79C-DB89-41B1-B1CF-4E45E716BA6E}.Release|x64.Build.0 = Release|Any CPU
		{935FB79C-DB89-41B1-B1CF-4E45E716BA6E}.Release|x86.ActiveCfg = Release|Any CPU
	EndGlobalSection
	GlobalSection(NestedProjects) = preSolution
		{860FE010-5007-43BE-9CA6-37AFD0ECE939} = {9E5007B0-858F-4ACD-B962-D01F1866A2F9}
		{71CDEE2C-84CF-47BE-97CB-993D27AF18F0} = {9E5007B0-858F-4ACD-B962-D01F1866A2F9}
		{935FB79C-DB89-41B1-B1CF-4E45E716BA6E} = {24BC81A5-6678-44A1-87C6-D00656B5B79C}
		{028C07D8-F633-42A6-A727-2E5A58C41CD5} = {24BC81A5-6678-44A1-87C6-D00656B5B79C}
		{0F7A5F68-FCF0-4F7D-AFB3-2FD7FA23EE66} = {86F4DF71-6075-41B2-B70A-4891298491E0}
	EndGlobalSection
	GlobalSection(MonoDevelopProperties) = preSolution
		Policies = $0
		$0.DotNetNamingPolicy = $1
		$1.DirectoryNamespaceAssociation = PrefixedHierarchical
		$1.ResourceNamePolicy = FileFormatDefault
	EndGlobalSection
	GlobalSection(SolutionProperties) = preSolution
		HideSolutionNode = FALSE
	EndGlobalSection
EndGlobal
