
Microsoft Visual Studio Solution File, Format Version 12.00
# Visual Studio 2012
VisualStudioVersion = 12.0.30501.0
MinimumVisualStudioVersion = 10.0.40219.1
Project("{FAE04EC0-301F-11D3-BF4B-00C04F79EFBC}") = "Spectator.WP8", "Spectator.WP8\Spectator.WP8.csproj", "{6A890B8A-122E-4A55-966D-208D68E8C1BE}"
EndProject
Project("{2150E333-8FDC-42A3-9474-1A3956D46DE8}") = "Android", "Android", "{9E5007B0-858F-4ACD-B962-D01F1866A2F9}"
EndProject
Project("{FAE04EC0-301F-11D3-BF4B-00C04F79EFBC}") = "Spectator.Android", "Spectator.Android\Spectator.Android.csproj", "{ABF97217-FDCB-420C-86E3-9E4A01BB1285}"
EndProject
Project("{FAE04EC0-301F-11D3-BF4B-00C04F79EFBC}") = "Spectator.Android.Support", "Spectator.Android.Support\Spectator.Android.Support.csproj", "{86FD02BE-3342-4FB6-A64E-5F101326EC5F}"
EndProject
Project("{2150E333-8FDC-42A3-9474-1A3956D46DE8}") = "Core", "Core", "{24BC81A5-6678-44A1-87C6-D00656B5B79C}"
EndProject
Project("{FAE04EC0-301F-11D3-BF4B-00C04F79EFBC}") = "Spectator.Core", "Spectator.Core\Spectator.Core.csproj", "{935FB79C-DB89-41B1-B1CF-4E45E716BA6E}"
EndProject
Project("{FAE04EC0-301F-11D3-BF4B-00C04F79EFBC}") = "Spectator.Core.Tests", "Spectator.Core.Tests\Spectator.Core.Tests.csproj", "{028C07D8-F633-42A6-A727-2E5A58C41CD5}"
EndProject
Project("{FAE04EC0-301F-11D3-BF4B-00C04F79EFBC}") = "Spectator.Ios", "Spectator.Ios\Spectator.Ios.csproj", "{0F7A5F68-FCF0-4F7D-AFB3-2FD7FA23EE66}"
EndProject
Global
	GlobalSection(SolutionConfigurationPlatforms) = preSolution
		Debug|Any CPU = Debug|Any CPU
		Debug|ARM = Debug|ARM
		Debug|x86 = Debug|x86
		Release|Any CPU = Release|Any CPU
		Release|ARM = Release|ARM
		Release|x86 = Release|x86
		Debug|iPhoneSimulator = Debug|iPhoneSimulator
		Release|iPhoneSimulator = Release|iPhoneSimulator
		Debug|iPhone = Debug|iPhone
		Release|iPhone = Release|iPhone
		Ad-Hoc|iPhone = Ad-Hoc|iPhone
		AppStore|iPhone = AppStore|iPhone
	EndGlobalSection
	GlobalSection(ProjectConfigurationPlatforms) = postSolution
		{028C07D8-F633-42A6-A727-2E5A58C41CD5}.Ad-Hoc|iPhone.ActiveCfg = Debug|Any CPU
		{028C07D8-F633-42A6-A727-2E5A58C41CD5}.Ad-Hoc|iPhone.Build.0 = Debug|Any CPU
		{028C07D8-F633-42A6-A727-2E5A58C41CD5}.AppStore|iPhone.ActiveCfg = Debug|Any CPU
		{028C07D8-F633-42A6-A727-2E5A58C41CD5}.AppStore|iPhone.Build.0 = Debug|Any CPU
		{028C07D8-F633-42A6-A727-2E5A58C41CD5}.Debug|Any CPU.ActiveCfg = Debug|Any CPU
		{028C07D8-F633-42A6-A727-2E5A58C41CD5}.Debug|Any CPU.Build.0 = Debug|Any CPU
		{028C07D8-F633-42A6-A727-2E5A58C41CD5}.Debug|ARM.ActiveCfg = Debug|Any CPU
		{028C07D8-F633-42A6-A727-2E5A58C41CD5}.Debug|ARM.Build.0 = Debug|Any CPU
		{028C07D8-F633-42A6-A727-2E5A58C41CD5}.Debug|iPhone.ActiveCfg = Debug|Any CPU
		{028C07D8-F633-42A6-A727-2E5A58C41CD5}.Debug|iPhone.Build.0 = Debug|Any CPU
		{028C07D8-F633-42A6-A727-2E5A58C41CD5}.Debug|iPhoneSimulator.ActiveCfg = Debug|Any CPU
		{028C07D8-F633-42A6-A727-2E5A58C41CD5}.Debug|iPhoneSimulator.Build.0 = Debug|Any CPU
		{028C07D8-F633-42A6-A727-2E5A58C41CD5}.Debug|x86.ActiveCfg = Debug|Any CPU
		{028C07D8-F633-42A6-A727-2E5A58C41CD5}.Debug|x86.Build.0 = Debug|Any CPU
		{028C07D8-F633-42A6-A727-2E5A58C41CD5}.Release|Any CPU.ActiveCfg = Release|Any CPU
		{028C07D8-F633-42A6-A727-2E5A58C41CD5}.Release|Any CPU.Build.0 = Release|Any CPU
		{028C07D8-F633-42A6-A727-2E5A58C41CD5}.Release|ARM.ActiveCfg = Release|Any CPU
		{028C07D8-F633-42A6-A727-2E5A58C41CD5}.Release|ARM.Build.0 = Release|Any CPU
		{028C07D8-F633-42A6-A727-2E5A58C41CD5}.Release|iPhone.ActiveCfg = Release|Any CPU
		{028C07D8-F633-42A6-A727-2E5A58C41CD5}.Release|iPhone.Build.0 = Release|Any CPU
		{028C07D8-F633-42A6-A727-2E5A58C41CD5}.Release|iPhoneSimulator.ActiveCfg = Release|Any CPU
		{028C07D8-F633-42A6-A727-2E5A58C41CD5}.Release|iPhoneSimulator.Build.0 = Release|Any CPU
		{028C07D8-F633-42A6-A727-2E5A58C41CD5}.Release|x86.ActiveCfg = Release|Any CPU
		{028C07D8-F633-42A6-A727-2E5A58C41CD5}.Release|x86.Build.0 = Release|Any CPU
		{0F7A5F68-FCF0-4F7D-AFB3-2FD7FA23EE66}.Ad-Hoc|iPhone.ActiveCfg = Ad-Hoc|iPhone
		{0F7A5F68-FCF0-4F7D-AFB3-2FD7FA23EE66}.Ad-Hoc|iPhone.Build.0 = Ad-Hoc|iPhone
		{0F7A5F68-FCF0-4F7D-AFB3-2FD7FA23EE66}.AppStore|iPhone.ActiveCfg = AppStore|iPhone
		{0F7A5F68-FCF0-4F7D-AFB3-2FD7FA23EE66}.AppStore|iPhone.Build.0 = AppStore|iPhone
		{0F7A5F68-FCF0-4F7D-AFB3-2FD7FA23EE66}.Debug|Any CPU.ActiveCfg = Debug|iPhoneSimulator
		{0F7A5F68-FCF0-4F7D-AFB3-2FD7FA23EE66}.Debug|Any CPU.Build.0 = Debug|iPhoneSimulator
		{0F7A5F68-FCF0-4F7D-AFB3-2FD7FA23EE66}.Debug|ARM.ActiveCfg = Debug|iPhoneSimulator
		{0F7A5F68-FCF0-4F7D-AFB3-2FD7FA23EE66}.Debug|ARM.Build.0 = Debug|iPhoneSimulator
		{0F7A5F68-FCF0-4F7D-AFB3-2FD7FA23EE66}.Debug|iPhone.ActiveCfg = Debug|iPhone
		{0F7A5F68-FCF0-4F7D-AFB3-2FD7FA23EE66}.Debug|iPhone.Build.0 = Debug|iPhone
		{0F7A5F68-FCF0-4F7D-AFB3-2FD7FA23EE66}.Debug|iPhoneSimulator.ActiveCfg = Debug|iPhoneSimulator
		{0F7A5F68-FCF0-4F7D-AFB3-2FD7FA23EE66}.Debug|iPhoneSimulator.Build.0 = Debug|iPhoneSimulator
		{0F7A5F68-FCF0-4F7D-AFB3-2FD7FA23EE66}.Debug|x86.ActiveCfg = Debug|iPhoneSimulator
		{0F7A5F68-FCF0-4F7D-AFB3-2FD7FA23EE66}.Debug|x86.Build.0 = Debug|iPhoneSimulator
		{0F7A5F68-FCF0-4F7D-AFB3-2FD7FA23EE66}.Release|Any CPU.ActiveCfg = Release|iPhoneSimulator
		{0F7A5F68-FCF0-4F7D-AFB3-2FD7FA23EE66}.Release|Any CPU.Build.0 = Release|iPhoneSimulator
		{0F7A5F68-FCF0-4F7D-AFB3-2FD7FA23EE66}.Release|ARM.ActiveCfg = Release|iPhoneSimulator
		{0F7A5F68-FCF0-4F7D-AFB3-2FD7FA23EE66}.Release|ARM.Build.0 = Release|iPhoneSimulator
		{0F7A5F68-FCF0-4F7D-AFB3-2FD7FA23EE66}.Release|iPhone.ActiveCfg = Release|iPhone
		{0F7A5F68-FCF0-4F7D-AFB3-2FD7FA23EE66}.Release|iPhone.Build.0 = Release|iPhone
		{0F7A5F68-FCF0-4F7D-AFB3-2FD7FA23EE66}.Release|iPhoneSimulator.ActiveCfg = Release|iPhoneSimulator
		{0F7A5F68-FCF0-4F7D-AFB3-2FD7FA23EE66}.Release|iPhoneSimulator.Build.0 = Release|iPhoneSimulator
		{0F7A5F68-FCF0-4F7D-AFB3-2FD7FA23EE66}.Release|x86.ActiveCfg = Release|iPhoneSimulator
		{0F7A5F68-FCF0-4F7D-AFB3-2FD7FA23EE66}.Release|x86.Build.0 = Release|iPhoneSimulator
		{6A890B8A-122E-4A55-966D-208D68E8C1BE}.Ad-Hoc|iPhone.ActiveCfg = Ad-Hoc|Any CPU
		{6A890B8A-122E-4A55-966D-208D68E8C1BE}.AppStore|iPhone.ActiveCfg = AppStore|Any CPU
		{6A890B8A-122E-4A55-966D-208D68E8C1BE}.Debug|Any CPU.ActiveCfg = Debug|Any CPU
		{6A890B8A-122E-4A55-966D-208D68E8C1BE}.Debug|Any CPU.Build.0 = Debug|Any CPU
		{6A890B8A-122E-4A55-966D-208D68E8C1BE}.Debug|Any CPU.Deploy.0 = Debug|Any CPU
		{6A890B8A-122E-4A55-966D-208D68E8C1BE}.Debug|ARM.ActiveCfg = Debug|ARM
		{6A890B8A-122E-4A55-966D-208D68E8C1BE}.Debug|ARM.Build.0 = Debug|ARM
		{6A890B8A-122E-4A55-966D-208D68E8C1BE}.Debug|ARM.Deploy.0 = Debug|ARM
		{6A890B8A-122E-4A55-966D-208D68E8C1BE}.Debug|iPhone.ActiveCfg = Debug|Any CPU
		{6A890B8A-122E-4A55-966D-208D68E8C1BE}.Debug|iPhoneSimulator.ActiveCfg = Debug|Any CPU
		{6A890B8A-122E-4A55-966D-208D68E8C1BE}.Debug|x86.ActiveCfg = Debug|x86
		{6A890B8A-122E-4A55-966D-208D68E8C1BE}.Debug|x86.Build.0 = Debug|x86
		{6A890B8A-122E-4A55-966D-208D68E8C1BE}.Debug|x86.Deploy.0 = Debug|x86
		{6A890B8A-122E-4A55-966D-208D68E8C1BE}.Release|Any CPU.ActiveCfg = Release|Any CPU
		{6A890B8A-122E-4A55-966D-208D68E8C1BE}.Release|Any CPU.Build.0 = Release|Any CPU
		{6A890B8A-122E-4A55-966D-208D68E8C1BE}.Release|Any CPU.Deploy.0 = Release|Any CPU
		{6A890B8A-122E-4A55-966D-208D68E8C1BE}.Release|ARM.ActiveCfg = Release|ARM
		{6A890B8A-122E-4A55-966D-208D68E8C1BE}.Release|ARM.Build.0 = Release|ARM
		{6A890B8A-122E-4A55-966D-208D68E8C1BE}.Release|ARM.Deploy.0 = Release|ARM
		{6A890B8A-122E-4A55-966D-208D68E8C1BE}.Release|iPhone.ActiveCfg = Release|Any CPU
		{6A890B8A-122E-4A55-966D-208D68E8C1BE}.Release|iPhoneSimulator.ActiveCfg = Release|Any CPU
		{6A890B8A-122E-4A55-966D-208D68E8C1BE}.Release|x86.ActiveCfg = Release|x86
		{6A890B8A-122E-4A55-966D-208D68E8C1BE}.Release|x86.Build.0 = Release|x86
		{6A890B8A-122E-4A55-966D-208D68E8C1BE}.Release|x86.Deploy.0 = Release|x86
		{86FD02BE-3342-4FB6-A64E-5F101326EC5F}.Ad-Hoc|iPhone.ActiveCfg = Debug|Any CPU
		{86FD02BE-3342-4FB6-A64E-5F101326EC5F}.Ad-Hoc|iPhone.Build.0 = Debug|Any CPU
		{86FD02BE-3342-4FB6-A64E-5F101326EC5F}.AppStore|iPhone.ActiveCfg = Debug|Any CPU
		{86FD02BE-3342-4FB6-A64E-5F101326EC5F}.AppStore|iPhone.Build.0 = Debug|Any CPU
		{86FD02BE-3342-4FB6-A64E-5F101326EC5F}.Debug|Any CPU.ActiveCfg = Debug|Any CPU
		{86FD02BE-3342-4FB6-A64E-5F101326EC5F}.Debug|Any CPU.Build.0 = Debug|Any CPU
		{86FD02BE-3342-4FB6-A64E-5F101326EC5F}.Debug|ARM.ActiveCfg = Debug|Any CPU
		{86FD02BE-3342-4FB6-A64E-5F101326EC5F}.Debug|ARM.Build.0 = Debug|Any CPU
		{86FD02BE-3342-4FB6-A64E-5F101326EC5F}.Debug|iPhone.ActiveCfg = Debug|Any CPU
		{86FD02BE-3342-4FB6-A64E-5F101326EC5F}.Debug|iPhone.Build.0 = Debug|Any CPU
		{86FD02BE-3342-4FB6-A64E-5F101326EC5F}.Debug|iPhoneSimulator.ActiveCfg = Debug|Any CPU
		{86FD02BE-3342-4FB6-A64E-5F101326EC5F}.Debug|iPhoneSimulator.Build.0 = Debug|Any CPU
		{86FD02BE-3342-4FB6-A64E-5F101326EC5F}.Debug|x86.ActiveCfg = Debug|Any CPU
		{86FD02BE-3342-4FB6-A64E-5F101326EC5F}.Debug|x86.Build.0 = Debug|Any CPU
		{86FD02BE-3342-4FB6-A64E-5F101326EC5F}.Release|Any CPU.ActiveCfg = Release|Any CPU
		{86FD02BE-3342-4FB6-A64E-5F101326EC5F}.Release|Any CPU.Build.0 = Release|Any CPU
		{86FD02BE-3342-4FB6-A64E-5F101326EC5F}.Release|ARM.ActiveCfg = Release|Any CPU
		{86FD02BE-3342-4FB6-A64E-5F101326EC5F}.Release|ARM.Build.0 = Release|Any CPU
		{86FD02BE-3342-4FB6-A64E-5F101326EC5F}.Release|iPhone.ActiveCfg = Release|Any CPU
		{86FD02BE-3342-4FB6-A64E-5F101326EC5F}.Release|iPhone.Build.0 = Release|Any CPU
		{86FD02BE-3342-4FB6-A64E-5F101326EC5F}.Release|iPhoneSimulator.ActiveCfg = Release|Any CPU
		{86FD02BE-3342-4FB6-A64E-5F101326EC5F}.Release|iPhoneSimulator.Build.0 = Release|Any CPU
		{86FD02BE-3342-4FB6-A64E-5F101326EC5F}.Release|x86.ActiveCfg = Release|Any CPU
		{86FD02BE-3342-4FB6-A64E-5F101326EC5F}.Release|x86.Build.0 = Release|Any CPU
		{935FB79C-DB89-41B1-B1CF-4E45E716BA6E}.Ad-Hoc|iPhone.ActiveCfg = Debug|Any CPU
		{935FB79C-DB89-41B1-B1CF-4E45E716BA6E}.Ad-Hoc|iPhone.Build.0 = Debug|Any CPU
		{935FB79C-DB89-41B1-B1CF-4E45E716BA6E}.AppStore|iPhone.ActiveCfg = Debug|Any CPU
		{935FB79C-DB89-41B1-B1CF-4E45E716BA6E}.AppStore|iPhone.Build.0 = Debug|Any CPU
		{935FB79C-DB89-41B1-B1CF-4E45E716BA6E}.Debug|Any CPU.ActiveCfg = Debug|Any CPU
		{935FB79C-DB89-41B1-B1CF-4E45E716BA6E}.Debug|Any CPU.Build.0 = Debug|Any CPU
		{935FB79C-DB89-41B1-B1CF-4E45E716BA6E}.Debug|ARM.ActiveCfg = Debug|Any CPU
		{935FB79C-DB89-41B1-B1CF-4E45E716BA6E}.Debug|iPhone.ActiveCfg = Debug|Any CPU
		{935FB79C-DB89-41B1-B1CF-4E45E716BA6E}.Debug|iPhone.Build.0 = Debug|Any CPU
		{935FB79C-DB89-41B1-B1CF-4E45E716BA6E}.Debug|iPhoneSimulator.ActiveCfg = Debug|Any CPU
		{935FB79C-DB89-41B1-B1CF-4E45E716BA6E}.Debug|iPhoneSimulator.Build.0 = Debug|Any CPU
		{935FB79C-DB89-41B1-B1CF-4E45E716BA6E}.Debug|x86.ActiveCfg = Debug|Any CPU
		{935FB79C-DB89-41B1-B1CF-4E45E716BA6E}.Debug|x86.Build.0 = Debug|Any CPU
		{935FB79C-DB89-41B1-B1CF-4E45E716BA6E}.Release|Any CPU.ActiveCfg = Release|Any CPU
		{935FB79C-DB89-41B1-B1CF-4E45E716BA6E}.Release|Any CPU.Build.0 = Release|Any CPU
		{935FB79C-DB89-41B1-B1CF-4E45E716BA6E}.Release|ARM.ActiveCfg = Release|Any CPU
		{935FB79C-DB89-41B1-B1CF-4E45E716BA6E}.Release|iPhone.ActiveCfg = Release|Any CPU
		{935FB79C-DB89-41B1-B1CF-4E45E716BA6E}.Release|iPhone.Build.0 = Release|Any CPU
		{935FB79C-DB89-41B1-B1CF-4E45E716BA6E}.Release|iPhoneSimulator.ActiveCfg = Release|Any CPU
		{935FB79C-DB89-41B1-B1CF-4E45E716BA6E}.Release|iPhoneSimulator.Build.0 = Release|Any CPU
		{935FB79C-DB89-41B1-B1CF-4E45E716BA6E}.Release|x86.ActiveCfg = Release|Any CPU
		{ABF97217-FDCB-420C-86E3-9E4A01BB1285}.Ad-Hoc|iPhone.ActiveCfg = Debug|Any CPU
		{ABF97217-FDCB-420C-86E3-9E4A01BB1285}.Ad-Hoc|iPhone.Build.0 = Debug|Any CPU
		{ABF97217-FDCB-420C-86E3-9E4A01BB1285}.AppStore|iPhone.ActiveCfg = Debug|Any CPU
		{ABF97217-FDCB-420C-86E3-9E4A01BB1285}.AppStore|iPhone.Build.0 = Debug|Any CPU
		{ABF97217-FDCB-420C-86E3-9E4A01BB1285}.Debug|Any CPU.ActiveCfg = Debug|Any CPU
		{ABF97217-FDCB-420C-86E3-9E4A01BB1285}.Debug|Any CPU.Build.0 = Debug|Any CPU
		{ABF97217-FDCB-420C-86E3-9E4A01BB1285}.Debug|ARM.ActiveCfg = Debug|Any CPU
		{ABF97217-FDCB-420C-86E3-9E4A01BB1285}.Debug|ARM.Build.0 = Debug|Any CPU
		{ABF97217-FDCB-420C-86E3-9E4A01BB1285}.Debug|iPhone.ActiveCfg = Debug|Any CPU
		{ABF97217-FDCB-420C-86E3-9E4A01BB1285}.Debug|iPhone.Build.0 = Debug|Any CPU
		{ABF97217-FDCB-420C-86E3-9E4A01BB1285}.Debug|iPhoneSimulator.ActiveCfg = Debug|Any CPU
		{ABF97217-FDCB-420C-86E3-9E4A01BB1285}.Debug|iPhoneSimulator.Build.0 = Debug|Any CPU
		{ABF97217-FDCB-420C-86E3-9E4A01BB1285}.Debug|x86.ActiveCfg = Debug|Any CPU
		{ABF97217-FDCB-420C-86E3-9E4A01BB1285}.Debug|x86.Build.0 = Debug|Any CPU
		{ABF97217-FDCB-420C-86E3-9E4A01BB1285}.Release|Any CPU.ActiveCfg = Release|Any CPU
		{ABF97217-FDCB-420C-86E3-9E4A01BB1285}.Release|Any CPU.Build.0 = Release|Any CPU
		{ABF97217-FDCB-420C-86E3-9E4A01BB1285}.Release|ARM.ActiveCfg = Release|Any CPU
		{ABF97217-FDCB-420C-86E3-9E4A01BB1285}.Release|ARM.Build.0 = Release|Any CPU
		{ABF97217-FDCB-420C-86E3-9E4A01BB1285}.Release|iPhone.ActiveCfg = Release|Any CPU
		{ABF97217-FDCB-420C-86E3-9E4A01BB1285}.Release|iPhone.Build.0 = Release|Any CPU
		{ABF97217-FDCB-420C-86E3-9E4A01BB1285}.Release|iPhoneSimulator.ActiveCfg = Release|Any CPU
		{ABF97217-FDCB-420C-86E3-9E4A01BB1285}.Release|iPhoneSimulator.Build.0 = Release|Any CPU
		{ABF97217-FDCB-420C-86E3-9E4A01BB1285}.Release|x86.ActiveCfg = Release|Any CPU
		{ABF97217-FDCB-420C-86E3-9E4A01BB1285}.Release|x86.Build.0 = Release|Any CPU
	EndGlobalSection
	GlobalSection(NestedProjects) = preSolution
		{ABF97217-FDCB-420C-86E3-9E4A01BB1285} = {9E5007B0-858F-4ACD-B962-D01F1866A2F9}
		{86FD02BE-3342-4FB6-A64E-5F101326EC5F} = {9E5007B0-858F-4ACD-B962-D01F1866A2F9}
		{935FB79C-DB89-41B1-B1CF-4E45E716BA6E} = {24BC81A5-6678-44A1-87C6-D00656B5B79C}
		{028C07D8-F633-42A6-A727-2E5A58C41CD5} = {24BC81A5-6678-44A1-87C6-D00656B5B79C}
	EndGlobalSection
	GlobalSection(MonoDevelopProperties) = preSolution
		StartupItem = Spectator.Ios\Spectator.Ios.csproj
		Policies = $0
		$0.DotNetNamingPolicy = $1
		$1.DirectoryNamespaceAssociation = PrefixedHierarchical
		$1.ResourceNamePolicy = FileFormatDefault
	EndGlobalSection
	GlobalSection(SolutionProperties) = preSolution
		HideSolutionNode = FALSE
	EndGlobalSection
EndGlobal
